
Microsoft Visual Studio Solution File, Format Version 11.00
# Visual Studio 2010
Project("{FAE04EC0-301F-11D3-BF4B-00C04F79EFBC}") = "KartGame", "KartGame.csproj", "{5A8AE87F-ED6E-3C07-36DF-1AE5B719E086}"
EndProject
Project("{FAE04EC0-301F-11D3-BF4B-00C04F79EFBC}") = "Assembly-CSharp", "Assembly-CSharp.csproj", "{794BF893-4D6E-13D1-5ECB-62D5398D218D}"
EndProject
Global
	GlobalSection(SolutionConfigurationPlatforms) = preSolution
		Debug|Any CPU = Debug|Any CPU
		Release|Any CPU = Release|Any CPU
	EndGlobalSection
	GlobalSection(ProjectConfigurationPlatforms) = postSolution
		{5A8AE87F-ED6E-3C07-36DF-1AE5B719E086}.Debug|Any CPU.ActiveCfg = Debug|Any CPU
		{5A8AE87F-ED6E-3C07-36DF-1AE5B719E086}.Debug|Any CPU.Build.0 = Debug|Any CPU
		{5A8AE87F-ED6E-3C07-36DF-1AE5B719E086}.Release|Any CPU.ActiveCfg = Release|Any CPU
		{5A8AE87F-ED6E-3C07-36DF-1AE5B719E086}.Release|Any CPU.Build.0 = Release|Any CPU
		{794BF893-4D6E-13D1-5ECB-62D5398D218D}.Debug|Any CPU.ActiveCfg = Debug|Any CPU
		{794BF893-4D6E-13D1-5ECB-62D5398D218D}.Debug|Any CPU.Build.0 = Debug|Any CPU
		{794BF893-4D6E-13D1-5ECB-62D5398D218D}.Release|Any CPU.ActiveCfg = Release|Any CPU
		{794BF893-4D6E-13D1-5ECB-62D5398D218D}.Release|Any CPU.Build.0 = Release|Any CPU
	EndGlobalSection
	GlobalSection(SolutionProperties) = preSolution
		HideSolutionNode = FALSE
	EndGlobalSection
EndGlobal
