
Microsoft Visual Studio Solution File, Format Version 11.00
# Visual Studio 2010
Project("{FAE04EC0-301F-11D3-BF4B-00C04F79EFBC}") = "Assembly-CSharp", "Assembly-CSharp.csproj", "{89FDB685-3CC6-BE52-FFBC-8D63125DCE7C}"
EndProject
Project("{FAE04EC0-301F-11D3-BF4B-00C04F79EFBC}") = "Assembly-CSharp-Editor", "Assembly-CSharp-Editor.csproj", "{EEDABB62-C1BA-4719-2BAB-5C982E2936FC}"
EndProject
Global
	GlobalSection(SolutionConfigurationPlatforms) = preSolution
		Debug|Any CPU = Debug|Any CPU
		Release|Any CPU = Release|Any CPU
	EndGlobalSection
	GlobalSection(ProjectConfigurationPlatforms) = postSolution
		{89FDB685-3CC6-BE52-FFBC-8D63125DCE7C}.Debug|Any CPU.ActiveCfg = Debug|Any CPU
		{89FDB685-3CC6-BE52-FFBC-8D63125DCE7C}.Debug|Any CPU.Build.0 = Debug|Any CPU
		{89FDB685-3CC6-BE52-FFBC-8D63125DCE7C}.Release|Any CPU.ActiveCfg = Release|Any CPU
		{89FDB685-3CC6-BE52-FFBC-8D63125DCE7C}.Release|Any CPU.Build.0 = Release|Any CPU
		{EEDABB62-C1BA-4719-2BAB-5C982E2936FC}.Debug|Any CPU.ActiveCfg = Debug|Any CPU
		{EEDABB62-C1BA-4719-2BAB-5C982E2936FC}.Debug|Any CPU.Build.0 = Debug|Any CPU
		{EEDABB62-C1BA-4719-2BAB-5C982E2936FC}.Release|Any CPU.ActiveCfg = Release|Any CPU
		{EEDABB62-C1BA-4719-2BAB-5C982E2936FC}.Release|Any CPU.Build.0 = Release|Any CPU
	EndGlobalSection
	GlobalSection(SolutionProperties) = preSolution
		HideSolutionNode = FALSE
	EndGlobalSection
EndGlobal
